
Microsoft Visual Studio Solution File, Format Version 12.00
# Visual Studio Version 17
VisualStudioVersion = 17.5.33516.290
MinimumVisualStudioVersion = 10.0.40219.1
Project("{8BC9CEB8-8B4A-11D0-8D11-00A0C91BC942}") = "pathfinding_alg", "pathfinding_alg.vcxproj", "{6984F0AF-2281-4F35-8D41-891617C1E361}"
EndProject
Global
	GlobalSection(SolutionConfigurationPlatforms) = preSolution
		Debug|x64 = Debug|x64
		Debug|x86 = Debug|x86
		Release|x64 = Release|x64
		Release|x86 = Release|x86
	EndGlobalSection
	GlobalSection(ProjectConfigurationPlatforms) = postSolution
		{6984F0AF-2281-4F35-8D41-891617C1E361}.Debug|x64.ActiveCfg = Debug|x64
		{6984F0AF-2281-4F35-8D41-891617C1E361}.Debug|x64.Build.0 = Debug|x64
		{6984F0AF-2281-4F35-8D41-891617C1E361}.Debug|x86.ActiveCfg = Debug|Win32
		{6984F0AF-2281-4F35-8D41-891617C1E361}.Debug|x86.Build.0 = Debug|Win32
		{6984F0AF-2281-4F35-8D41-891617C1E361}.Release|x64.ActiveCfg = Release|x64
		{6984F0AF-2281-4F35-8D41-891617C1E361}.Release|x64.Build.0 = Release|x64
		{6984F0AF-2281-4F35-8D41-891617C1E361}.Release|x86.ActiveCfg = Release|Win32
		{6984F0AF-2281-4F35-8D41-891617C1E361}.Release|x86.Build.0 = Release|Win32
	EndGlobalSection
	GlobalSection(SolutionProperties) = preSolution
		HideSolutionNode = FALSE
	EndGlobalSection
	GlobalSection(ExtensibilityGlobals) = postSolution
		SolutionGuid = {17FF5396-23BC-4A68-8A6E-119C555652DE}
	EndGlobalSection
EndGlobal
